
Microsoft Visual Studio Solution File, Format Version 12.00
# Visual Studio 15
VisualStudioVersion = 15.0.26730.15
MinimumVisualStudioVersion = 10.0.40219.1
Project("{2150E333-8FDC-42A3-9474-1A3956D46DE8}") = "Solution Items", "Solution Items", "{75A4BA00-82E8-4BC4-9B73-A608F9598FB1}"
	ProjectSection(SolutionItems) = preProject
		index.html = index.html
	EndProjectSection
EndProject
Project("{2150E333-8FDC-42A3-9474-1A3956D46DE8}") = "css", "css", "{ABFBDCD1-9085-4BBF-A146-9B70CCD448B8}"
	ProjectSection(SolutionItems) = preProject
		normalize.css = normalize.css
		style.css = style.css
	EndProjectSection
EndProject
Project("{2150E333-8FDC-42A3-9474-1A3956D46DE8}") = "image", "image", "{8D04A699-D65D-4D45-95BF-2BB2CD371899}"
	ProjectSection(SolutionItems) = preProject
		red.png = red.png
		refresh.png = refresh.png
	EndProjectSection
EndProject
Global
	GlobalSection(SolutionProperties) = preSolution
		HideSolutionNode = FALSE
	EndGlobalSection
	GlobalSection(NestedProjects) = preSolution
		{ABFBDCD1-9085-4BBF-A146-9B70CCD448B8} = {75A4BA00-82E8-4BC4-9B73-A608F9598FB1}
		{8D04A699-D65D-4D45-95BF-2BB2CD371899} = {75A4BA00-82E8-4BC4-9B73-A608F9598FB1}
	EndGlobalSection
	GlobalSection(ExtensibilityGlobals) = postSolution
		SolutionGuid = {755B338C-4C24-480C-9347-3524989F56B8}
	EndGlobalSection
EndGlobal
